PODS:
  - Alamofire (5.4.2)
  - Moya/Core (14.0.0):
    - Alamofire (~> 5.0)
  - Moya/RxSwift (14.0.0):
    - Moya/Core
    - RxSwift (~> 5.0)
  - RxCocoa (5.1.1):
    - RxRelay (~> 5)
    - RxSwift (~> 5)
  - RxRelay (5.1.1):
    - RxSwift (~> 5)
  - RxSwift (5.1.2)

DEPENDENCIES:
  - Moya/RxSwift (~> 14.0)
  - RxCocoa

SPEC REPOS:
  trunk:
    - Alamofire
    - Moya
    - RxCocoa
    - RxRelay
    - RxSwift

SPEC CHECKSUMS:
  Alamofire: bfbc4c2fe5909b1d94fb4ef2277c6b3727ef5dae
  Moya: 5b45dacb75adb009f97fde91c204c1e565d31916
  RxCocoa: 32065309a38d29b5b0db858819b5bf9ef038b601
  RxRelay: d77f7d771495f43c556cbc43eebd1bb54d01e8e9
  RxSwift: 1e2e1f9570186967f617e49128ed26ccf1bafc8e

PODFILE CHECKSUM: 3f3923ec32788c639f6f2a6d3db2644d7196ee1d

COCOAPODS: 1.10.1
